// !$*UTF8*$!
{
	archiveVersion = 1;
	classes = {
	};
	objectVersion = 46;
	objects = {

/* Begin PBXBuildFile section */
		5F672C76141F3EBE00AC3919 /* UIKit.framework in Frameworks */ = {isa = PBXBuildFile; fileRef = 5F672C75141F3EBE00AC3919 /* UIKit.framework */; };
		5F672C78141F3EBE00AC3919 /* Foundation.framework in Frameworks */ = {isa = PBXBuildFile; fileRef = 5F672C77141F3EBE00AC3919 /* Foundation.framework */; };
		5F672C7A141F3EBE00AC3919 /* CoreGraphics.framework in Frameworks */ = {isa = PBXBuildFile; fileRef = 5F672C79141F3EBE00AC3919 /* CoreGraphics.framework */; };
		5F672C7C141F3EBE00AC3919 /* CoreData.framework in Frameworks */ = {isa = PBXBuildFile; fileRef = 5F672C7B141F3EBE00AC3919 /* CoreData.framework */; };
		5F672C82141F3EBE00AC3919 /* InfoPlist.strings in Resources */ = {isa = PBXBuildFile; fileRef = 5F672C80141F3EBE00AC3919 /* InfoPlist.strings */; };
		5F672C84141F3EBE00AC3919 /* main.m in Sources */ = {isa = PBXBuildFile; fileRef = 5F672C83141F3EBE00AC3919 /* main.m */; };
		5F672C88141F3EBE00AC3919 /* TextCoreDataAppDelegate.m in Sources */ = {isa = PBXBuildFile; fileRef = 5F672C87141F3EBE00AC3919 /* TextCoreDataAppDelegate.m */; };
		5F672C8B141F3EBE00AC3919 /* MainWindow.xib in Resources */ = {isa = PBXBuildFile; fileRef = 5F672C89141F3EBE00AC3919 /* MainWindow.xib */; };
		5F672C8E141F3EBE00AC3919 /* TextCoreData.xcdatamodeld in Sources */ = {isa = PBXBuildFile; fileRef = 5F672C8C141F3EBE00AC3919 /* TextCoreData.xcdatamodeld */; };
		5F672CA4141F414000AC3919 /* RootViewController.m in Sources */ = {isa = PBXBuildFile; fileRef = 5F672CA2141F414000AC3919 /* RootViewController.m */; };
		5F672CA5141F414000AC3919 /* RootViewController.xib in Resources */ = {isa = PBXBuildFile; fileRef = 5F672CA3141F414000AC3919 /* RootViewController.xib */; };
		5F672CA9141F415600AC3919 /* RelationViewController.m in Sources */ = {isa = PBXBuildFile; fileRef = 5F672CA7141F415600AC3919 /* RelationViewController.m */; };
		5F672CAA141F415600AC3919 /* RelationViewController.xib in Resources */ = {isa = PBXBuildFile; fileRef = 5F672CA8141F415600AC3919 /* RelationViewController.xib */; };
		5FAF5AB914202D3D00F9A63B /* Relation.m in Sources */ = {isa = PBXBuildFile; fileRef = 5FAF5AB814202D3D00F9A63B /* Relation.m */; };
/* End PBXBuildFile section */

/* Begin PBXFileReference section */
		5F672C71141F3EBD00AC3919 /* TextCoreData.app */ = {isa = PBXFileReference; explicitFileType = wrapper.application; includeInIndex = 0; path = TextCoreData.app; sourceTree = BUILT_PRODUCTS_DIR; };
		5F672C75141F3EBE00AC3919 /* UIKit.framework */ = {isa = PBXFileReference; lastKnownFileType = wrapper.framework; name = UIKit.framework; path = System/Library/Frameworks/UIKit.framework; sourceTree = SDKROOT; };
		5F672C77141F3EBE00AC3919 /* Foundation.framework */ = {isa = PBXFileReference; lastKnownFileType = wrapper.framework; name = Foundation.framework; path = System/Library/Frameworks/Foundation.framework; sourceTree = SDKROOT; };
		5F672C79141F3EBE00AC3919 /* CoreGraphics.framework */ = {isa = PBXFileReference; lastKnownFileType = wrapper.framework; name = CoreGraphics.framework; path = System/Library/Frameworks/CoreGraphics.framework; sourceTree = SDKROOT; };
		5F672C7B141F3EBE00AC3919 /* CoreData.framework */ = {isa = PBXFileReference; lastKnownFileType = wrapper.framework; name = CoreData.framework; path = System/Library/Frameworks/CoreData.framework; sourceTree = SDKROOT; };
		5F672C7F141F3EBE00AC3919 /* TextCoreData-Info.plist */ = {isa = PBXFileReference; lastKnownFileType = text.plist.xml; path = "TextCoreData-Info.plist"; sourceTree = "<group>"; };
		5F672C81141F3EBE00AC3919 /* en */ = {isa = PBXFileReference; lastKnownFileType = text.plist.strings; name = en; path = en.lproj/InfoPlist.strings; sourceTree = "<group>"; };
		5F672C83141F3EBE00AC3919 /* main.m */ = {isa = PBXFileReference; lastKnownFileType = sourcecode.c.objc; path = main.m; sourceTree = "<group>"; };
		5F672C85141F3EBE00AC3919 /* TextCoreData-Prefix.pch */ = {isa = PBXFileReference; lastKnownFileType = sourcecode.c.h; path = "TextCoreData-Prefix.pch"; sourceTree = "<group>"; };
		5F672C86141F3EBE00AC3919 /* TextCoreDataAppDelegate.h */ = {isa = PBXFileReference; lastKnownFileType = sourcecode.c.h; path = TextCoreDataAppDelegate.h; sourceTree = "<group>"; };
		5F672C87141F3EBE00AC3919 /* TextCoreDataAppDelegate.m */ = {isa = PBXFileReference; lastKnownFileType = sourcecode.c.objc; path = TextCoreDataAppDelegate.m; sourceTree = "<group>"; };
		5F672C8A141F3EBE00AC3919 /* en */ = {isa = PBXFileReference; lastKnownFileType = file.xib; name = en; path = en.lproj/MainWindow.xib; sourceTree = "<group>"; };
		5F672C8D141F3EBE00AC3919 /* TextCoreData.xcdatamodel */ = {isa = PBXFileReference; lastKnownFileType = wrapper.xcdatamodel; path = TextCoreData.xcdatamodel; sourceTree = "<group>"; };
		5F672CA1141F414000AC3919 /* RootViewController.h */ = {isa = PBXFileReference; fileEncoding = 4; lastKnownFileType = sourcecode.c.h; path = RootViewController.h; sourceTree = "<group>"; };
		5F672CA2141F414000AC3919 /* RootViewController.m */ = {isa = PBXFileReference; fileEncoding = 4; lastKnownFileType = sourcecode.c.objc; path = RootViewController.m; sourceTree = "<group>"; };
		5F672CA3141F414000AC3919 /* RootViewController.xib */ = {isa = PBXFileReference; fileEncoding = 4; lastKnownFileType = file.xib; path = RootViewController.xib; sourceTree = "<group>"; };
		5F672CA6141F415600AC3919 /* RelationViewController.h */ = {isa = PBXFileReference; fileEncoding = 4; lastKnownFileType = sourcecode.c.h; path = RelationViewController.h; sourceTree = "<group>"; };
		5F672CA7141F415600AC3919 /* RelationViewController.m */ = {isa = PBXFileReference; fileEncoding = 4; lastKnownFileType = sourcecode.c.objc; path = RelationViewController.m; sourceTree = "<group>"; };
		5F672CA8141F415600AC3919 /* RelationViewController.xib */ = {isa = PBXFileReference; fileEncoding = 4; lastKnownFileType = file.xib; path = RelationViewController.xib; sourceTree = "<group>"; };
		5FAF5AB714202D3D00F9A63B /* Relation.h */ = {isa = PBXFileReference; fileEncoding = 4; lastKnownFileType = sourcecode.c.h; path = Relation.h; sourceTree = "<group>"; };
		5FAF5AB814202D3D00F9A63B /* Relation.m */ = {isa = PBXFileReference; fileEncoding = 4; lastKnownFileType = sourcecode.c.objc; path = Relation.m; sourceTree = "<group>"; };
/* End PBXFileReference section */

/* Begin PBXFrameworksBuildPhase section */
		5F672C6E141F3EBD00AC3919 /* Frameworks */ = {
			isa = PBXFrameworksBuildPhase;
			buildActionMask = 2147483647;
			files = (
				5F672C76141F3EBE00AC3919 /* UIKit.framework in Frameworks */,
				5F672C78141F3EBE00AC3919 /* Foundation.framework in Frameworks */,
				5F672C7A141F3EBE00AC3919 /* CoreGraphics.framework in Frameworks */,
				5F672C7C141F3EBE00AC3919 /* CoreData.framework in Frameworks */,
			);
			runOnlyForDeploymentPostprocessing = 0;
		};
/* End PBXFrameworksBuildPhase section */

/* Begin PBXGroup section */
		5F672C66141F3EBD00AC3919 = {
			isa = PBXGroup;
			children = (
				5F672C7D141F3EBE00AC3919 /* TextCoreData */,
				5F672C7E141F3EBE00AC3919 /* Supporting Files */,
				5F672C74141F3EBD00AC3919 /* Frameworks */,
				5F672C72141F3EBD00AC3919 /* Products */,
			);
			sourceTree = "<group>";
		};
		5F672C72141F3EBD00AC3919 /* Products */ = {
			isa = PBXGroup;
			children = (
				5F672C71141F3EBD00AC3919 /* TextCoreData.app */,
			);
			name = Products;
			sourceTree = "<group>";
		};
		5F672C74141F3EBD00AC3919 /* Frameworks */ = {
			isa = PBXGroup;
			children = (
				5F672C75141F3EBE00AC3919 /* UIKit.framework */,
				5F672C77141F3EBE00AC3919 /* Foundation.framework */,
				5F672C79141F3EBE00AC3919 /* CoreGraphics.framework */,
				5F672C7B141F3EBE00AC3919 /* CoreData.framework */,
			);
			name = Frameworks;
			sourceTree = "<group>";
		};
		5F672C7D141F3EBE00AC3919 /* TextCoreData */ = {
			isa = PBXGroup;
			children = (
				5F672C86141F3EBE00AC3919 /* TextCoreDataAppDelegate.h */,
				5F672C87141F3EBE00AC3919 /* TextCoreDataAppDelegate.m */,
				5F672C89141F3EBE00AC3919 /* MainWindow.xib */,
				5F672CCA141F53CB00AC3919 /* DataBase */,
				5F672CA1141F414000AC3919 /* RootViewController.h */,
				5F672CA2141F414000AC3919 /* RootViewController.m */,
				5F672CA3141F414000AC3919 /* RootViewController.xib */,
				5F672CA6141F415600AC3919 /* RelationViewController.h */,
				5F672CA7141F415600AC3919 /* RelationViewController.m */,
				5F672CA8141F415600AC3919 /* RelationViewController.xib */,
			);
			path = TextCoreData;
			sourceTree = "<group>";
		};
		5F672C7E141F3EBE00AC3919 /* Supporting Files */ = {
			isa = PBXGroup;
			children = (
				5F672C7F141F3EBE00AC3919 /* TextCoreData-Info.plist */,
				5F672C80141F3EBE00AC3919 /* InfoPlist.strings */,
				5F672C83141F3EBE00AC3919 /* main.m */,
				5F672C85141F3EBE00AC3919 /* TextCoreData-Prefix.pch */,
			);
			name = "Supporting Files";
			path = TextCoreData;
			sourceTree = "<group>";
		};
		5F672CCA141F53CB00AC3919 /* DataBase */ = {
			isa = PBXGroup;
			children = (
				5F672C8C141F3EBE00AC3919 /* TextCoreData.xcdatamodeld */,
				5FAF5AB714202D3D00F9A63B /* Relation.h */,
				5FAF5AB814202D3D00F9A63B /* Relation.m */,
			);
			name = DataBase;
			sourceTree = "<group>";
		};
/* End PBXGroup section */

/* Begin PBXNativeTarget section */
		5F672C70141F3EBD00AC3919 /* TextCoreData */ = {
			isa = PBXNativeTarget;
			buildConfigurationList = 5F672C91141F3EBE00AC3919 /* Build configuration list for PBXNativeTarget "TextCoreData" */;
			buildPhases = (
				5F672C6D141F3EBD00AC3919 /* Sources */,
				5F672C6E141F3EBD00AC3919 /* Frameworks */,
				5F672C6F141F3EBD00AC3919 /* Resources */,
			);
			buildRules = (
			);
			dependencies = (
			);
			name = TextCoreData;
			productName = TextCoreData;
			productReference = 5F672C71141F3EBD00AC3919 /* TextCoreData.app */;
			productType = "com.apple.product-type.application";
		};
/* End PBXNativeTarget section */

/* Begin PBXProject section */
		5F672C68141F3EBD00AC3919 /* Project object */ = {
			isa = PBXProject;
			buildConfigurationList = 5F672C6B141F3EBD00AC3919 /* Build configuration list for PBXProject "TextCoreData" */;
			compatibilityVersion = "Xcode 3.2";
			developmentRegion = English;
			hasScannedForEncodings = 0;
			knownRegions = (
				en,
			);
			mainGroup = 5F672C66141F3EBD00AC3919;
			productRefGroup = 5F672C72141F3EBD00AC3919 /* Products */;
			projectDirPath = "";
			projectRoot = "";
			targets = (
				5F672C70141F3EBD00AC3919 /* TextCoreData */,
			);
		};
/* End PBXProject section */

/* Begin PBXResourcesBuildPhase section */
		5F672C6F141F3EBD00AC3919 /* Resources */ = {
			isa = PBXResourcesBuildPhase;
			buildActionMask = 2147483647;
			files = (
				5F672C82141F3EBE00AC3919 /* InfoPlist.strings in Resources */,
				5F672C8B141F3EBE00AC3919 /* MainWindow.xib in Resources */,
				5F672CA5141F414000AC3919 /* RootViewController.xib in Resources */,
				5F672CAA141F415600AC3919 /* RelationViewController.xib in Resources */,
			);
			runOnlyForDeploymentPostprocessing = 0;
		};
/* End PBXResourcesBuildPhase section */

/* Begin PBXSourcesBuildPhase section */
		5F672C6D141F3EBD00AC3919 /* Sources */ = {
			isa = PBXSourcesBuildPhase;
			buildActionMask = 2147483647;
			files = (
				5F672C84141F3EBE00AC3919 /* main.m in Sources */,
				5F672C88141F3EBE00AC3919 /* TextCoreDataAppDelegate.m in Sources */,
				5F672C8E141F3EBE00AC3919 /* TextCoreData.xcdatamodeld in Sources */,
				5F672CA4141F414000AC3919 /* RootViewController.m in Sources */,
				5F672CA9141F415600AC3919 /* RelationViewController.m in Sources */,
				5FAF5AB914202D3D00F9A63B /* Relation.m in Sources */,
			);
			runOnlyForDeploymentPostprocessing = 0;
		};
/* End PBXSourcesBuildPhase section */

/* Begin PBXVariantGroup section */
		5F672C80141F3EBE00AC3919 /* InfoPlist.strings */ = {
			isa = PBXVariantGroup;
			children = (
				5F672C81141F3EBE00AC3919 /* en */,
			);
			name = InfoPlist.strings;
			sourceTree = "<group>";
		};
		5F672C89141F3EBE00AC3919 /* MainWindow.xib */ = {
			isa = PBXVariantGroup;
			children = (
				5F672C8A141F3EBE00AC3919 /* en */,
			);
			name = MainWindow.xib;
			sourceTree = "<group>";
		};
/* End PBXVariantGroup section */

/* Begin XCBuildConfiguration section */
		5F672C8F141F3EBE00AC3919 /* Debug */ = {
			isa = XCBuildConfiguration;
			buildSettings = {
				ALWAYS_SEARCH_USER_PATHS = NO;
				ARCHS = "$(ARCHS_STANDARD_32_BIT)";
				"CODE_SIGN_IDENTITY[sdk=iphoneos*]" = "iPhone Developer";
				COPY_PHASE_STRIP = NO;
				GCC_C_LANGUAGE_STANDARD = gnu99;
				GCC_DYNAMIC_NO_PIC = NO;
				GCC_OPTIMIZATION_LEVEL = 0;
				GCC_PREPROCESSOR_DEFINITIONS = (
					"DEBUG=1",
					"$(inherited)",
				);
				GCC_SYMBOLS_PRIVATE_EXTERN = NO;
				GCC_VERSION = com.apple.compilers.llvmgcc42;
				GCC_WARN_ABOUT_MISSING_PROTOTYPES = YES;
				GCC_WARN_ABOUT_RETURN_TYPE = YES;
				GCC_WARN_UNUSED_VARIABLE = YES;
				IPHONEOS_DEPLOYMENT_TARGET = 4.3;
				SDKROOT = iphoneos;
			};
			name = Debug;
		};
		5F672C90141F3EBE00AC3919 /* Release */ = {
			isa = XCBuildConfiguration;
			buildSettings = {
				ALWAYS_SEARCH_USER_PATHS = NO;
				ARCHS = "$(ARCHS_STANDARD_32_BIT)";
				"CODE_SIGN_IDENTITY[sdk=iphoneos*]" = "iPhone Developer";
				COPY_PHASE_STRIP = YES;
				GCC_C_LANGUAGE_STANDARD = gnu99;
				GCC_VERSION = com.apple.compilers.llvmgcc42;
				GCC_WARN_ABOUT_MISSING_PROTOTYPES = YES;
				GCC_WARN_ABOUT_RETURN_TYPE = YES;
				GCC_WARN_UNUSED_VARIABLE = YES;
				IPHONEOS_DEPLOYMENT_TARGET = 4.3;
				OTHER_CFLAGS = "-DNS_BLOCK_ASSERTIONS=1";
				SDKROOT = iphoneos;
				VALIDATE_PRODUCT = YES;
			};
			name = Release;
		};
		5F672C92141F3EBE00AC3919 /* Debug */ = {
			isa = XCBuildConfiguration;
			buildSettings = {
				GCC_PRECOMPILE_PREFIX_HEADER = YES;
				GCC_PREFIX_HEADER = "TextCoreData/TextCoreData-Prefix.pch";
				INFOPLIST_FILE = "TextCoreData/TextCoreData-Info.plist";
				PRODUCT_NAME = "$(TARGET_NAME)";
				WRAPPER_EXTENSION = app;
			};
			name = Debug;
		};
		5F672C93141F3EBE00AC3919 /* Release */ = {
			isa = XCBuildConfiguration;
			buildSettings = {
				GCC_PRECOMPILE_PREFIX_HEADER = YES;
				GCC_PREFIX_HEADER = "TextCoreData/TextCoreData-Prefix.pch";
				INFOPLIST_FILE = "TextCoreData/TextCoreData-Info.plist";
				PRODUCT_NAME = "$(TARGET_NAME)";
				WRAPPER_EXTENSION = app;
			};
			name = Release;
		};
/* End XCBuildConfiguration section */

/* Begin XCConfigurationList section */
		5F672C6B141F3EBD00AC3919 /* Build configuration list for PBXProject "TextCoreData" */ = {
			isa = XCConfigurationList;
			buildConfigurations = (
				5F672C8F141F3EBE00AC3919 /* Debug */,
				5F672C90141F3EBE00AC3919 /* Release */,
			);
			defaultConfigurationIsVisible = 0;
			defaultConfigurationName = Release;
		};
		5F672C91141F3EBE00AC3919 /* Build configuration list for PBXNativeTarget "TextCoreData" */ = {
			isa = XCConfigurationList;
			buildConfigurations = (
				5F672C92141F3EBE00AC3919 /* Debug */,
				5F672C93141F3EBE00AC3919 /* Release */,
			);
			defaultConfigurationIsVisible = 0;
			defaultConfigurationName = Release;
		};
/* End XCConfigurationList section */

/* Begin XCVersionGroup section */
		5F672C8C141F3EBE00AC3919 /* TextCoreData.xcdatamodeld */ = {
			isa = XCVersionGroup;
			children = (
				5F672C8D141F3EBE00AC3919 /* TextCoreData.xcdatamodel */,
			);
			currentVersion = 5F672C8D141F3EBE00AC3919 /* TextCoreData.xcdatamodel */;
			path = TextCoreData.xcdatamodeld;
			sourceTree = "<group>";
			versionGroupType = wrapper.xcdatamodel;
		};
/* End XCVersionGroup section */
	};
	rootObject = 5F672C68141F3EBD00AC3919 /* Project object */;
}
